<?xml version="1.0" encoding="utf-8"?>
<Project ToolsVersion="4.0" xmlns="http://schemas.microsoft.com/developer/msbuild/2003">
  <ItemGroup>
    <ClCompile Include="main.cpp">
      <Filter>Source Files</Filter>
    </ClCompile>
    <ClCompile Include="factorial.h">
      <Filter>Header Files</Filter>
    </ClCompile>
    <ClCompile Include="vectorduplicateremover.h">
      <Filter>Header Files</Filter>
    </ClCompile>
  </ItemGroup>
  <ItemGroup>
    <Filter Include="Source Files">
      <UniqueIdentifier>{62b8cac1-e5b8-4f4c-a5f3-712f548ca788}</UniqueIdentifier>
    </Filter>
    <Filter Include="Header Files">
      <UniqueIdentifier>{f7b3317f-2501-455d-8984-2bb644214fa8}</UniqueIdentifier>
    </Filter>
    <Filter Include="Resource Files">
      <UniqueIdentifier>{fa3b5ea0-ccff-4503-9f0d-499d0faaa3c2}</UniqueIdentifier>
    </Filter>
  </ItemGroup>
</Project>